
Microsoft Visual Studio Solution File, Format Version 12.00
# Visual Studio Version 17
VisualStudioVersion = 17.6.33815.320
MinimumVisualStudioVersion = 10.0.40219.1
Project("{FAE04EC0-301F-11D3-BF4B-00C04F79EFBC}") = "VendingMachine", "VendingMachine\VendingMachine.csproj", "{AABF18CE-9128-45C7-9ABF-EBF3E3A9696A}"
EndProject
Global
	GlobalSection(SolutionConfigurationPlatforms) = preSolution
		Debug|Any CPU = Debug|Any CPU
		Release|Any CPU = Release|Any CPU
	EndGlobalSection
	GlobalSection(ProjectConfigurationPlatforms) = postSolution
		{AABF18CE-9128-45C7-9ABF-EBF3E3A9696A}.Debug|Any CPU.ActiveCfg = Debug|Any CPU
		{AABF18CE-9128-45C7-9ABF-EBF3E3A9696A}.Debug|Any CPU.Build.0 = Debug|Any CPU
		{AABF18CE-9128-45C7-9ABF-EBF3E3A9696A}.Release|Any CPU.ActiveCfg = Release|Any CPU
		{AABF18CE-9128-45C7-9ABF-EBF3E3A9696A}.Release|Any CPU.Build.0 = Release|Any CPU
	EndGlobalSection
	GlobalSection(SolutionProperties) = preSolution
		HideSolutionNode = FALSE
	EndGlobalSection
	GlobalSection(ExtensibilityGlobals) = postSolution
		SolutionGuid = {869A6E2A-A096-43CC-977D-5FBA659A404B}
	EndGlobalSection
EndGlobal
